
Microsoft Visual Studio Solution File, Format Version 12.00
# Visual Studio 14
VisualStudioVersion = 14.0.25420.1
MinimumVisualStudioVersion = 10.0.40219.1
Project("{FAE04EC0-301F-11D3-BF4B-00C04F79EFBC}") = "TrailMaintenance", "TrailMaintenance\TrailMaintenance.csproj", "{BA9C9538-CBD8-499F-87E4-72351EEEBB1F}"
EndProject
Project("{FAE04EC0-301F-11D3-BF4B-00C04F79EFBC}") = "TrailMaintenanceTests", "TrailMaintenanceTests\TrailMaintenanceTests.csproj", "{B2891C37-B949-45ED-8174-7AE069F1FA9D}"
EndProject
Global
	GlobalSection(SolutionConfigurationPlatforms) = preSolution
		Debug|Any CPU = Debug|Any CPU
		Release|Any CPU = Release|Any CPU
	EndGlobalSection
	GlobalSection(ProjectConfigurationPlatforms) = postSolution
		{BA9C9538-CBD8-499F-87E4-72351EEEBB1F}.Debug|Any CPU.ActiveCfg = Debug|Any CPU
		{BA9C9538-CBD8-499F-87E4-72351EEEBB1F}.Debug|Any CPU.Build.0 = Debug|Any CPU
		{BA9C9538-CBD8-499F-87E4-72351EEEBB1F}.Release|Any CPU.ActiveCfg = Release|Any CPU
		{BA9C9538-CBD8-499F-87E4-72351EEEBB1F}.Release|Any CPU.Build.0 = Release|Any CPU
		{B2891C37-B949-45ED-8174-7AE069F1FA9D}.Debug|Any CPU.ActiveCfg = Debug|Any CPU
		{B2891C37-B949-45ED-8174-7AE069F1FA9D}.Debug|Any CPU.Build.0 = Debug|Any CPU
		{B2891C37-B949-45ED-8174-7AE069F1FA9D}.Release|Any CPU.ActiveCfg = Release|Any CPU
		{B2891C37-B949-45ED-8174-7AE069F1FA9D}.Release|Any CPU.Build.0 = Release|Any CPU
	EndGlobalSection
	GlobalSection(SolutionProperties) = preSolution
		HideSolutionNode = FALSE
	EndGlobalSection
EndGlobal
